{
  "requires": true,
  "lockfileVersion": 1,
  "dependencies": {
    "@clr/angular": {
      "version": "0.13.5",
      "resolved": "https://registry.npmjs.org/@clr/angular/-/angular-0.13.5.tgz",
      "integrity": "sha512-Lf1XYKeNTIjoF6EQEveBFdlv8qUbbiGVIRn49th3NqUwYnPhV8ouB/kZjCsXlNhR6XMKMLDBGasUAihW8PXO+Q==",
      "requires": {
        "tslib": "^1.9.0"
      }
    },
    "@clr/icons": {
      "version": "0.13.5",
      "resolved": "https://registry.npmjs.org/@clr/icons/-/icons-0.13.5.tgz",
      "integrity": "sha512-ecm+w7aSUZEpbTZTpQGOGy02k9kBYtYU3bqwy1TJ3tXBOg1dy7Lo1sachOR+OjM21R5QP8PL3cNvBtUBkw3zqw=="
    },
    "@clr/ui": {
      "version": "0.13.5",
      "resolved": "https://registry.npmjs.org/@clr/ui/-/ui-0.13.5.tgz",
      "integrity": "sha512-8USKrkbSkEEBHCZPd6vwIVqAOpTcNmLF1+fXzfbpifPzPR+yQ4wk3ki5L3uLK4HF7AG2IyZA+Aw0yMcVLVMmLQ==",
      "requires": {
        "bootstrap": "4.0.0-alpha.5"
      }
    },
    "@webcomponents/custom-elements": {
      "version": "1.0.0",
      "resolved": "https://registry.npmjs.org/@webcomponents/custom-elements/-/custom-elements-1.0.0.tgz",
      "integrity": "sha1-sXJuEgdLVWqjG5Pzb/agOkNSWcQ="
    },
    "bootstrap": {
      "version": "4.0.0-alpha.5",
      "resolved": "http://registry.npmjs.org/bootstrap/-/bootstrap-4.0.0-alpha.5.tgz",
      "integrity": "sha1-oSa2SMO9L1K4+tS7xeLQrSq/cGQ=",
      "requires": {
        "jquery": "1.9.1 - 3",
        "tether": "^1.3.7"
      }
    },
    "jquery": {
      "version": "3.3.1",
      "resolved": "https://registry.npmjs.org/jquery/-/jquery-3.3.1.tgz",
      "integrity": "sha512-Ubldcmxp5np52/ENotGxlLe6aGMvmF4R8S6tZjsP6Knsaxd/xp3Zrh50cG93lR6nPXyUFwzN3ZSOQI0wRJNdGg=="
    },
    "tether": {
      "version": "1.4.5",
      "resolved": "https://registry.npmjs.org/tether/-/tether-1.4.5.tgz",
      "integrity": "sha512-fysT1Gug2wbRi7a6waeu39yVDwiNtvwj5m9eRD+qZDSHKNghLo6KqP/U3yM2ap6TNUL2skjXGJaJJTJqoC31vw=="
    },
    "tslib": {
      "version": "1.9.3",
      "resolved": "https://registry.npmjs.org/tslib/-/tslib-1.9.3.tgz",
      "integrity": "sha512-4krF8scpejhaOgqzBEcGM7yDIEfi0/8+8zDRZhNZZ2kjmHJ4hv3zCbQWxoJGz1iw5U0Jl0nma13xzHXcncMavQ=="
    }
  }
}
